{
  "pins" : [
    {
      "identity" : "analytics-swift",
      "kind" : "remoteSourceControl",
      "location" : "https://github.com/segmentio/analytics-swift.git",
      "state" : {
        "revision" : "33f07bd5e4d216de92a163a8edad2c3216087cd9",
        "version" : "1.5.5"
      }
    },
    {
      "identity" : "jsonsafeencoder-swift",
      "kind" : "remoteSourceControl",
      "location" : "https://github.com/segmentio/jsonsafeencoder-swift.git",
      "state" : {
        "revision" : "8b70dc8c01b7b041912e30e29d2b488a43f782ac",
        "version" : "1.0.1"
      }
    },
    {
      "identity" : "singular-ios-sdk",
      "kind" : "remoteSourceControl",
      "location" : "https://github.com/singular-labs/Singular-iOS-SDK.git",
      "state" : {
        "revision" : "4c8afd06de543d22fc14392d6c5a0e0b10936375",
        "version" : "12.3.2"
      }
    },
    {
      "identity" : "sovran-swift",
      "kind" : "remoteSourceControl",
      "location" : "https://github.com/segmentio/sovran-swift.git",
      "state" : {
        "revision" : "a342b905f6baa64499cabdf61ccc185ec476b7b2",
        "version" : "1.1.1"
      }
    }
  ],
  "version" : 2
}
